
Microsoft Visual Studio Solution File, Format Version 12.00
# Visual Studio Version 16
VisualStudioVersion = 16.0.29318.209
MinimumVisualStudioVersion = 10.0.40219.1
Project("{9A19103F-16F7-4668-BE54-9A1E7A4F7556}") = "chatServer", "src\chatserver\chatServer.csproj", "{C518E3CF-E7C9-4770-ADE1-1430B6B5FD2E}"
EndProject
Project("{FAE04EC0-301F-11D3-BF4B-00C04F79EFBC}") = "chatModel", "src\ChatModel\chatModel.csproj", "{4D0477F0-2A11-4333-AED5-BEA9D91B557A}"
EndProject
Project("{FAE04EC0-301F-11D3-BF4B-00C04F79EFBC}") = "chatDAL", "src\chatDAL\chatDAL.csproj", "{0479CADD-EFFE-4468-9E06-D96C00C48A9B}"
EndProject
Project("{FAE04EC0-301F-11D3-BF4B-00C04F79EFBC}") = "chatBLL", "src\chatBLL\chatBLL.csproj", "{43A9D486-B49B-4F9D-B54D-25D3D5EA020E}"
EndProject
Global
	GlobalSection(SolutionConfigurationPlatforms) = preSolution
		Debug|Any CPU = Debug|Any CPU
		Release|Any CPU = Release|Any CPU
	EndGlobalSection
	GlobalSection(ProjectConfigurationPlatforms) = postSolution
		{C518E3CF-E7C9-4770-ADE1-1430B6B5FD2E}.Debug|Any CPU.ActiveCfg = Debug|Any CPU
		{C518E3CF-E7C9-4770-ADE1-1430B6B5FD2E}.Debug|Any CPU.Build.0 = Debug|Any CPU
		{C518E3CF-E7C9-4770-ADE1-1430B6B5FD2E}.Release|Any CPU.ActiveCfg = Release|Any CPU
		{C518E3CF-E7C9-4770-ADE1-1430B6B5FD2E}.Release|Any CPU.Build.0 = Release|Any CPU
		{4D0477F0-2A11-4333-AED5-BEA9D91B557A}.Debug|Any CPU.ActiveCfg = Debug|Any CPU
		{4D0477F0-2A11-4333-AED5-BEA9D91B557A}.Debug|Any CPU.Build.0 = Debug|Any CPU
		{4D0477F0-2A11-4333-AED5-BEA9D91B557A}.Release|Any CPU.ActiveCfg = Release|Any CPU
		{4D0477F0-2A11-4333-AED5-BEA9D91B557A}.Release|Any CPU.Build.0 = Release|Any CPU
		{0479CADD-EFFE-4468-9E06-D96C00C48A9B}.Debug|Any CPU.ActiveCfg = Debug|Any CPU
		{0479CADD-EFFE-4468-9E06-D96C00C48A9B}.Debug|Any CPU.Build.0 = Debug|Any CPU
		{0479CADD-EFFE-4468-9E06-D96C00C48A9B}.Release|Any CPU.ActiveCfg = Release|Any CPU
		{0479CADD-EFFE-4468-9E06-D96C00C48A9B}.Release|Any CPU.Build.0 = Release|Any CPU
		{43A9D486-B49B-4F9D-B54D-25D3D5EA020E}.Debug|Any CPU.ActiveCfg = Debug|Any CPU
		{43A9D486-B49B-4F9D-B54D-25D3D5EA020E}.Debug|Any CPU.Build.0 = Debug|Any CPU
		{43A9D486-B49B-4F9D-B54D-25D3D5EA020E}.Release|Any CPU.ActiveCfg = Release|Any CPU
		{43A9D486-B49B-4F9D-B54D-25D3D5EA020E}.Release|Any CPU.Build.0 = Release|Any CPU
	EndGlobalSection
	GlobalSection(SolutionProperties) = preSolution
		HideSolutionNode = FALSE
	EndGlobalSection
	GlobalSection(ExtensibilityGlobals) = postSolution
		SolutionGuid = {69107545-177E-4D67-AEC0-8A0118DA6CD2}
	EndGlobalSection
EndGlobal
